
Microsoft Visual Studio Solution File, Format Version 12.00
# Visual Studio Version 17
VisualStudioVersion = 17.3.32929.385
MinimumVisualStudioVersion = 10.0.40219.1
Project("{FAE04EC0-301F-11D3-BF4B-00C04F79EFBC}") = "BookMaster", "BookMaster.csproj", "{E06367D0-4753-4116-BE03-4DD2F3C811E5}"
EndProject
Global
	GlobalSection(SolutionConfigurationPlatforms) = preSolution
		Debug|Any CPU = Debug|Any CPU
		Release|Any CPU = Release|Any CPU
	EndGlobalSection
	GlobalSection(ProjectConfigurationPlatforms) = postSolution
		{E06367D0-4753-4116-BE03-4DD2F3C811E5}.Debug|Any CPU.ActiveCfg = Debug|Any CPU
		{E06367D0-4753-4116-BE03-4DD2F3C811E5}.Debug|Any CPU.Build.0 = Debug|Any CPU
		{E06367D0-4753-4116-BE03-4DD2F3C811E5}.Release|Any CPU.ActiveCfg = Release|Any CPU
		{E06367D0-4753-4116-BE03-4DD2F3C811E5}.Release|Any CPU.Build.0 = Release|Any CPU
	EndGlobalSection
	GlobalSection(SolutionProperties) = preSolution
		HideSolutionNode = FALSE
	EndGlobalSection
	GlobalSection(ExtensibilityGlobals) = postSolution
		SolutionGuid = {4C930C78-1F82-4E91-B4A2-7F0BBF318468}
	EndGlobalSection
EndGlobal
